
Microsoft Visual Studio Solution File, Format Version 12.00
# Visual Studio 2013
VisualStudioVersion = 12.0.21005.1
MinimumVisualStudioVersion = 10.0.40219.1
Project("{8BC9CEB8-8B4A-11D0-8D11-00A0C91BC942}") = "WindowsScreenShot", "WindowsScreenShot\WindowsScreenShot.vcxproj", "{6087E519-B5FA-4B2C-8559-03F161967872}"
EndProject
Global
	GlobalSection(SolutionConfigurationPlatforms) = preSolution
		Debug|Win32 = Debug|Win32
		Debug|x64 = Debug|x64
		Release|Win32 = Release|Win32
		Release|x64 = Release|x64
	EndGlobalSection
	GlobalSection(ProjectConfigurationPlatforms) = postSolution
		{6087E519-B5FA-4B2C-8559-03F161967872}.Debug|Win32.ActiveCfg = Debug|Win32
		{6087E519-B5FA-4B2C-8559-03F161967872}.Debug|Win32.Build.0 = Debug|Win32
		{6087E519-B5FA-4B2C-8559-03F161967872}.Debug|x64.ActiveCfg = Debug|x64
		{6087E519-B5FA-4B2C-8559-03F161967872}.Debug|x64.Build.0 = Debug|x64
		{6087E519-B5FA-4B2C-8559-03F161967872}.Release|Win32.ActiveCfg = Release|Win32
		{6087E519-B5FA-4B2C-8559-03F161967872}.Release|Win32.Build.0 = Release|Win32
		{6087E519-B5FA-4B2C-8559-03F161967872}.Release|x64.ActiveCfg = Release|x64
		{6087E519-B5FA-4B2C-8559-03F161967872}.Release|x64.Build.0 = Release|x64
	EndGlobalSection
	GlobalSection(SolutionProperties) = preSolution
		HideSolutionNode = FALSE
	EndGlobalSection
EndGlobal
